// !$*UTF8*$!
{
	archiveVersion = 1;
	classes = {
	};
	objectVersion = 46;
	objects = {

/* Begin PBXBuildFile section */
		648533D71D3012360017EA84 /* AppDelegate.swift in Sources */ = {isa = PBXBuildFile; fileRef = 648533D61D3012360017EA84 /* AppDelegate.swift */; };
		648533D91D3012360017EA84 /* ViewController.swift in Sources */ = {isa = PBXBuildFile; fileRef = 648533D81D3012360017EA84 /* ViewController.swift */; };
		648533DC1D3012360017EA84 /* Main.storyboard in Resources */ = {isa = PBXBuildFile; fileRef = 648533DA1D3012360017EA84 /* Main.storyboard */; };
		648533DE1D3012360017EA84 /* Assets.xcassets in Resources */ = {isa = PBXBuildFile; fileRef = 648533DD1D3012360017EA84 /* Assets.xcassets */; };
		648533E11D3012360017EA84 /* LaunchScreen.storyboard in Resources */ = {isa = PBXBuildFile; fileRef = 648533DF1D3012360017EA84 /* LaunchScreen.storyboard */; };
/* End PBXBuildFile section */

/* Begin PBXFileReference section */
		648533D31D3012360017EA84 /* 7月9日重写代理设计模式.app */ = {isa = PBXFileReference; explicitFileType = wrapper.application; includeInIndex = 0; path = "7月9日重写代理设计模式.app"; sourceTree = BUILT_PRODUCTS_DIR; };
		648533D61D3012360017EA84 /* AppDelegate.swift */ = {isa = PBXFileReference; lastKnownFileType = sourcecode.swift; path = AppDelegate.swift; sourceTree = "<group>"; };
		648533D81D3012360017EA84 /* ViewController.swift */ = {isa = PBXFileReference; lastKnownFileType = sourcecode.swift; path = ViewController.swift; sourceTree = "<group>"; };
		648533DB1D3012360017EA84 /* Base */ = {isa = PBXFileReference; lastKnownFileType = file.storyboard; name = Base; path = Base.lproj/Main.storyboard; sourceTree = "<group>"; };
		648533DD1D3012360017EA84 /* Assets.xcassets */ = {isa = PBXFileReference; lastKnownFileType = folder.assetcatalog; path = Assets.xcassets; sourceTree = "<group>"; };
		648533E01D3012360017EA84 /* Base */ = {isa = PBXFileReference; lastKnownFileType = file.storyboard; name = Base; path = Base.lproj/LaunchScreen.storyboard; sourceTree = "<group>"; };
		648533E21D3012360017EA84 /* Info.plist */ = {isa = PBXFileReference; lastKnownFileType = text.plist.xml; path = Info.plist; sourceTree = "<group>"; };
/* End PBXFileReference section */

/* Begin PBXFrameworksBuildPhase section */
		648533D01D3012360017EA84 /* Frameworks */ = {
			isa = PBXFrameworksBuildPhase;
			buildActionMask = 2147483647;
			files = (
			);
			runOnlyForDeploymentPostprocessing = 0;
		};
/* End PBXFrameworksBuildPhase section */

/* Begin PBXGroup section */
		648533CA1D3012360017EA84 = {
			isa = PBXGroup;
			children = (
				648533D51D3012360017EA84 /* 7月9日重写代理设计模式 */,
				648533D41D3012360017EA84 /* Products */,
			);
			sourceTree = "<group>";
		};
		648533D41D3012360017EA84 /* Products */ = {
			isa = PBXGroup;
			children = (
				648533D31D3012360017EA84 /* 7月9日重写代理设计模式.app */,
			);
			name = Products;
			sourceTree = "<group>";
		};
		648533D51D3012360017EA84 /* 7月9日重写代理设计模式 */ = {
			isa = PBXGroup;
			children = (
				648533D61D3012360017EA84 /* AppDelegate.swift */,
				648533D81D3012360017EA84 /* ViewController.swift */,
				648533DA1D3012360017EA84 /* Main.storyboard */,
				648533DD1D3012360017EA84 /* Assets.xcassets */,
				648533DF1D3012360017EA84 /* LaunchScreen.storyboard */,
				648533E21D3012360017EA84 /* Info.plist */,
			);
			path = "7月9日重写代理设计模式";
			sourceTree = "<group>";
		};
/* End PBXGroup section */

/* Begin PBXNativeTarget section */
		648533D21D3012360017EA84 /* 7月9日重写代理设计模式 */ = {
			isa = PBXNativeTarget;
			buildConfigurationList = 648533E51D3012360017EA84 /* Build configuration list for PBXNativeTarget "7月9日重写代理设计模式" */;
			buildPhases = (
				648533CF1D3012360017EA84 /* Sources */,
				648533D01D3012360017EA84 /* Frameworks */,
				648533D11D3012360017EA84 /* Resources */,
			);
			buildRules = (
			);
			dependencies = (
			);
			name = "7月9日重写代理设计模式";
			productName = "7月9日重写代理设计模式";
			productReference = 648533D31D3012360017EA84 /* 7月9日重写代理设计模式.app */;
			productType = "com.apple.product-type.application";
		};
/* End PBXNativeTarget section */

/* Begin PBXProject section */
		648533CB1D3012360017EA84 /* Project object */ = {
			isa = PBXProject;
			attributes = {
				LastSwiftUpdateCheck = 0800;
				LastUpgradeCheck = 0800;
				ORGANIZATIONNAME = hut;
				TargetAttributes = {
					648533D21D3012360017EA84 = {
						CreatedOnToolsVersion = 8.0;
						DevelopmentTeam = TV88N9BEA8;
						DevelopmentTeamName = "尹 欢一 (Personal Team)";
						ProvisioningStyle = Automatic;
					};
				};
			};
			buildConfigurationList = 648533CE1D3012360017EA84 /* Build configuration list for PBXProject "7月9日重写代理设计模式" */;
			compatibilityVersion = "Xcode 3.2";
			developmentRegion = English;
			hasScannedForEncodings = 0;
			knownRegions = (
				en,
				Base,
			);
			mainGroup = 648533CA1D3012360017EA84;
			productRefGroup = 648533D41D3012360017EA84 /* Products */;
			projectDirPath = "";
			projectRoot = "";
			targets = (
				648533D21D3012360017EA84 /* 7月9日重写代理设计模式 */,
			);
		};
/* End PBXProject section */

/* Begin PBXResourcesBuildPhase section */
		648533D11D3012360017EA84 /* Resources */ = {
			isa = PBXResourcesBuildPhase;
			buildActionMask = 2147483647;
			files = (
				648533E11D3012360017EA84 /* LaunchScreen.storyboard in Resources */,
				648533DE1D3012360017EA84 /* Assets.xcassets in Resources */,
				648533DC1D3012360017EA84 /* Main.storyboard in Resources */,
			);
			runOnlyForDeploymentPostprocessing = 0;
		};
/* End PBXResourcesBuildPhase section */

/* Begin PBXSourcesBuildPhase section */
		648533CF1D3012360017EA84 /* Sources */ = {
			isa = PBXSourcesBuildPhase;
			buildActionMask = 2147483647;
			files = (
				648533D91D3012360017EA84 /* ViewController.swift in Sources */,
				648533D71D3012360017EA84 /* AppDelegate.swift in Sources */,
			);
			runOnlyForDeploymentPostprocessing = 0;
		};
/* End PBXSourcesBuildPhase section */

/* Begin PBXVariantGroup section */
		648533DA1D3012360017EA84 /* Main.storyboard */ = {
			isa = PBXVariantGroup;
			children = (
				648533DB1D3012360017EA84 /* Base */,
			);
			name = Main.storyboard;
			sourceTree = "<group>";
		};
		648533DF1D3012360017EA84 /* LaunchScreen.storyboard */ = {
			isa = PBXVariantGroup;
			children = (
				648533E01D3012360017EA84 /* Base */,
			);
			name = LaunchScreen.storyboard;
			sourceTree = "<group>";
		};
/* End PBXVariantGroup section */

/* Begin XCBuildConfiguration section */
		648533E31D3012360017EA84 /* Debug */ = {
			isa = XCBuildConfiguration;
			buildSettings = {
				ALWAYS_SEARCH_USER_PATHS = NO;
				CLANG_ANALYZER_NONNULL = YES;
				CLANG_CXX_LANGUAGE_STANDARD = "gnu++0x";
				CLANG_CXX_LIBRARY = "libc++";
				CLANG_ENABLE_MODULES = YES;
				CLANG_ENABLE_OBJC_ARC = YES;
				CLANG_WARN_BOOL_CONVERSION = YES;
				CLANG_WARN_CONSTANT_CONVERSION = YES;
				CLANG_WARN_DIRECT_OBJC_ISA_USAGE = YES_ERROR;
				CLANG_WARN_DOCUMENTATION_COMMENTS = YES;
				CLANG_WARN_EMPTY_BODY = YES;
				CLANG_WARN_ENUM_CONVERSION = YES;
				CLANG_WARN_INT_CONVERSION = YES;
				CLANG_WARN_OBJC_ROOT_CLASS = YES_ERROR;
				CLANG_WARN_UNREACHABLE_CODE = YES;
				CLANG_WARN__DUPLICATE_METHOD_MATCH = YES;
				"CODE_SIGN_IDENTITY[sdk=iphoneos*]" = "iPhone Developer";
				COPY_PHASE_STRIP = NO;
				DEBUG_INFORMATION_FORMAT = dwarf;
				ENABLE_STRICT_OBJC_MSGSEND = YES;
				ENABLE_TESTABILITY = YES;
				GCC_C_LANGUAGE_STANDARD = gnu99;
				GCC_DYNAMIC_NO_PIC = NO;
				GCC_NO_COMMON_BLOCKS = YES;
				GCC_OPTIMIZATION_LEVEL = 0;
				GCC_PREPROCESSOR_DEFINITIONS = (
					"DEBUG=1",
					"$(inherited)",
				);
				GCC_WARN_64_TO_32_BIT_CONVERSION = YES;
				GCC_WARN_ABOUT_RETURN_TYPE = YES_ERROR;
				GCC_WARN_UNDECLARED_SELECTOR = YES;
				GCC_WARN_UNINITIALIZED_AUTOS = YES_AGGRESSIVE;
				GCC_WARN_UNUSED_FUNCTION = YES;
				GCC_WARN_UNUSED_VARIABLE = YES;
				IPHONEOS_DEPLOYMENT_TARGET = 10.0;
				MTL_ENABLE_DEBUG_INFO = YES;
				ONLY_ACTIVE_ARCH = YES;
				SDKROOT = iphoneos;
				SWIFT_ACTIVE_COMPILATION_CONDITIONS = DEBUG;
				SWIFT_OPTIMIZATION_LEVEL = "-Onone";
				TARGETED_DEVICE_FAMILY = "1,2";
			};
			name = Debug;
		};
		648533E41D3012360017EA84 /* Release */ = {
			isa = XCBuildConfiguration;
			buildSettings = {
				ALWAYS_SEARCH_USER_PATHS = NO;
				CLANG_ANALYZER_NONNULL = YES;
				CLANG_CXX_LANGUAGE_STANDARD = "gnu++0x";
				CLANG_CXX_LIBRARY = "libc++";
				CLANG_ENABLE_MODULES = YES;
				CLANG_ENABLE_OBJC_ARC = YES;
				CLANG_WARN_BOOL_CONVERSION = YES;
				CLANG_WARN_CONSTANT_CONVERSION = YES;
				CLANG_WARN_DIRECT_OBJC_ISA_USAGE = YES_ERROR;
				CLANG_WARN_DOCUMENTATION_COMMENTS = YES;
				CLANG_WARN_EMPTY_BODY = YES;
				CLANG_WARN_ENUM_CONVERSION = YES;
				CLANG_WARN_INT_CONVERSION = YES;
				CLANG_WARN_OBJC_ROOT_CLASS = YES_ERROR;
				CLANG_WARN_UNREACHABLE_CODE = YES;
				CLANG_WARN__DUPLICATE_METHOD_MATCH = YES;
				"CODE_SIGN_IDENTITY[sdk=iphoneos*]" = "iPhone Developer";
				COPY_PHASE_STRIP = NO;
				DEBUG_INFORMATION_FORMAT = "dwarf-with-dsym";
				ENABLE_NS_ASSERTIONS = NO;
				ENABLE_STRICT_OBJC_MSGSEND = YES;
				GCC_C_LANGUAGE_STANDARD = gnu99;
				GCC_NO_COMMON_BLOCKS = YES;
				GCC_WARN_64_TO_32_BIT_CONVERSION = YES;
				GCC_WARN_ABOUT_RETURN_TYPE = YES_ERROR;
				GCC_WARN_UNDECLARED_SELECTOR = YES;
				GCC_WARN_UNINITIALIZED_AUTOS = YES_AGGRESSIVE;
				GCC_WARN_UNUSED_FUNCTION = YES;
				GCC_WARN_UNUSED_VARIABLE = YES;
				IPHONEOS_DEPLOYMENT_TARGET = 10.0;
				MTL_ENABLE_DEBUG_INFO = NO;
				SDKROOT = iphoneos;
				SWIFT_OPTIMIZATION_LEVEL = "-Owholemodule";
				TARGETED_DEVICE_FAMILY = "1,2";
				VALIDATE_PRODUCT = YES;
			};
			name = Release;
		};
		648533E61D3012360017EA84 /* Debug */ = {
			isa = XCBuildConfiguration;
			buildSettings = {
				ASSETCATALOG_COMPILER_APPICON_NAME = AppIcon;
				INFOPLIST_FILE = "7月9日重写代理设计模式/Info.plist";
				IPHONEOS_DEPLOYMENT_TARGET = 9.3;
				LD_RUNPATH_SEARCH_PATHS = "$(inherited) @executable_path/Frameworks";
				PRODUCT_BUNDLE_IDENTIFIER = "cn.edu.--9---------";
				PRODUCT_NAME = "$(TARGET_NAME)";
				SWIFT_VERSION = 3.0;
			};
			name = Debug;
		};
		648533E71D3012360017EA84 /* Release */ = {
			isa = XCBuildConfiguration;
			buildSettings = {
				ASSETCATALOG_COMPILER_APPICON_NAME = AppIcon;
				INFOPLIST_FILE = "7月9日重写代理设计模式/Info.plist";
				IPHONEOS_DEPLOYMENT_TARGET = 9.3;
				LD_RUNPATH_SEARCH_PATHS = "$(inherited) @executable_path/Frameworks";
				PRODUCT_BUNDLE_IDENTIFIER = "cn.edu.--9---------";
				PRODUCT_NAME = "$(TARGET_NAME)";
				SWIFT_VERSION = 3.0;
			};
			name = Release;
		};
/* End XCBuildConfiguration section */

/* Begin XCConfigurationList section */
		648533CE1D3012360017EA84 /* Build configuration list for PBXProject "7月9日重写代理设计模式" */ = {
			isa = XCConfigurationList;
			buildConfigurations = (
				648533E31D3012360017EA84 /* Debug */,
				648533E41D3012360017EA84 /* Release */,
			);
			defaultConfigurationIsVisible = 0;
			defaultConfigurationName = Release;
		};
		648533E51D3012360017EA84 /* Build configuration list for PBXNativeTarget "7月9日重写代理设计模式" */ = {
			isa = XCConfigurationList;
			buildConfigurations = (
				648533E61D3012360017EA84 /* Debug */,
				648533E71D3012360017EA84 /* Release */,
			);
			defaultConfigurationIsVisible = 0;
		};
/* End XCConfigurationList section */
	};
	rootObject = 648533CB1D3012360017EA84 /* Project object */;
}
